Microsoft Visual Studio Solution File, Format Version 12.00
# Visual Studio Version 17
VisualStudioVersion = 17.5.2.0
MinimumVisualStudioVersion = 10.0.40219.1
Project("{2150E333-8FDC-42A3-9474-1A3956D46DE8}") = "MCP-Lampadina-NET", "MCP-Lampadina-NET", "{6F414BBF-58EA-FF8D-3906-7806456F5B43}"
EndProject
Project("{FAE04EC0-301F-11D3-BF4B-00C04F79EFBC}") = "McpLampada", "MCP-Lampadina-NET\McpLampada\McpLampada.csproj", "{0EC11F85-BE19-099F-94F0-0858A0A30367}"
EndProject
Global
	GlobalSection(SolutionConfigurationPlatforms) = preSolution
		Debug|Any CPU = Debug|Any CPU
		Release|Any CPU = Release|Any CPU
	EndGlobalSection
	GlobalSection(ProjectConfigurationPlatforms) = postSolution
		{0EC11F85-BE19-099F-94F0-0858A0A30367}.Debug|Any CPU.ActiveCfg = Debug|Any CPU
		{0EC11F85-BE19-099F-94F0-0858A0A30367}.Debug|Any CPU.Build.0 = Debug|Any CPU
		{0EC11F85-BE19-099F-94F0-0858A0A30367}.Release|Any CPU.ActiveCfg = Release|Any CPU
		{0EC11F85-BE19-099F-94F0-0858A0A30367}.Release|Any CPU.Build.0 = Release|Any CPU
	EndGlobalSection
	GlobalSection(SolutionProperties) = preSolution
		HideSolutionNode = FALSE
	EndGlobalSection
	GlobalSection(NestedProjects) = preSolution
		{0EC11F85-BE19-099F-94F0-0858A0A30367} = {6F414BBF-58EA-FF8D-3906-7806456F5B43}
	EndGlobalSection
	GlobalSection(ExtensibilityGlobals) = postSolution
		SolutionGuid = {FFDF39FD-02E6-4B6B-87C9-87D3E6F345C9}
	EndGlobalSection
EndGlobal
